// !$*UTF8*$!
{
	archiveVersion = 1;
	classes = {
	};
	objectVersion = 46;
	objects = {

/* Begin PBXBuildFile section */
		0B80AFE71ED87D8200FA184A /* main.cpp in Sources */ = {isa = PBXBuildFile; fileRef = 0B80AFE61ED87D8200FA184A /* main.cpp */; };
		0B80AFEF1ED8850300FA184A /* main.cpp in Sources */ = {isa = PBXBuildFile; fileRef = 0B80AFEE1ED8850300FA184A /* main.cpp */; };
/* End PBXBuildFile section */

/* Begin PBXCopyFilesBuildPhase section */
		0B80AFD81ED87D3700FA184A /* CopyFiles */ = {
			isa = PBXCopyFilesBuildPhase;
			buildActionMask = 2147483647;
			dstPath = /usr/share/man/man1/;
			dstSubfolderSpec = 0;
			files = (
			);
			runOnlyForDeploymentPostprocessing = 1;
		};
		0B80AFEA1ED8850300FA184A /* CopyFiles */ = {
			isa = PBXCopyFilesBuildPhase;
			buildActionMask = 2147483647;
			dstPath = /usr/share/man/man1/;
			dstSubfolderSpec = 0;
			files = (
			);
			runOnlyForDeploymentPostprocessing = 1;
		};
/* End PBXCopyFilesBuildPhase section */

/* Begin PBXFileReference section */
		0B80AFDA1ED87D3700FA184A /* PrimalDualSetCover */ = {isa = PBXFileReference; explicitFileType = "compiled.mach-o.executable"; includeInIndex = 0; path = PrimalDualSetCover; sourceTree = BUILT_PRODUCTS_DIR; };
		0B80AFE61ED87D8200FA184A /* main.cpp */ = {isa = PBXFileReference; fileEncoding = 4; lastKnownFileType = sourcecode.cpp.cpp; path = main.cpp; sourceTree = "<group>"; };
		0B80AFEC1ED8850300FA184A /* PrimalDualFacilityLocation */ = {isa = PBXFileReference; explicitFileType = "compiled.mach-o.executable"; includeInIndex = 0; path = PrimalDualFacilityLocation; sourceTree = BUILT_PRODUCTS_DIR; };
		0B80AFEE1ED8850300FA184A /* main.cpp */ = {isa = PBXFileReference; lastKnownFileType = sourcecode.cpp.cpp; path = main.cpp; sourceTree = "<group>"; };
/* End PBXFileReference section */

/* Begin PBXFrameworksBuildPhase section */
		0B80AFD71ED87D3700FA184A /* Frameworks */ = {
			isa = PBXFrameworksBuildPhase;
			buildActionMask = 2147483647;
			files = (
			);
			runOnlyForDeploymentPostprocessing = 0;
		};
		0B80AFE91ED8850300FA184A /* Frameworks */ = {
			isa = PBXFrameworksBuildPhase;
			buildActionMask = 2147483647;
			files = (
			);
			runOnlyForDeploymentPostprocessing = 0;
		};
/* End PBXFrameworksBuildPhase section */

/* Begin PBXGroup section */
		0B80AFD11ED87D3700FA184A = {
			isa = PBXGroup;
			children = (
				0B80AFDC1ED87D3700FA184A /* PrimalDualSetCover */,
				0B80AFED1ED8850300FA184A /* PrimalDualFacilityLocation */,
				0B80AFDB1ED87D3700FA184A /* Products */,
			);
			sourceTree = "<group>";
		};
		0B80AFDB1ED87D3700FA184A /* Products */ = {
			isa = PBXGroup;
			children = (
				0B80AFDA1ED87D3700FA184A /* PrimalDualSetCover */,
				0B80AFEC1ED8850300FA184A /* PrimalDualFacilityLocation */,
			);
			name = Products;
			sourceTree = "<group>";
		};
		0B80AFDC1ED87D3700FA184A /* PrimalDualSetCover */ = {
			isa = PBXGroup;
			children = (
				0B80AFE61ED87D8200FA184A /* main.cpp */,
			);
			path = PrimalDualSetCover;
			sourceTree = "<group>";
		};
		0B80AFED1ED8850300FA184A /* PrimalDualFacilityLocation */ = {
			isa = PBXGroup;
			children = (
				0B80AFEE1ED8850300FA184A /* main.cpp */,
			);
			path = PrimalDualFacilityLocation;
			sourceTree = "<group>";
		};
/* End PBXGroup section */

/* Begin PBXNativeTarget section */
		0B80AFD91ED87D3700FA184A /* PrimalDualSetCover */ = {
			isa = PBXNativeTarget;
			buildConfigurationList = 0B80AFE11ED87D3700FA184A /* Build configuration list for PBXNativeTarget "PrimalDualSetCover" */;
			buildPhases = (
				0B80AFD61ED87D3700FA184A /* Sources */,
				0B80AFD71ED87D3700FA184A /* Frameworks */,
				0B80AFD81ED87D3700FA184A /* CopyFiles */,
			);
			buildRules = (
			);
			dependencies = (
			);
			name = PrimalDualSetCover;
			productName = PrimalDualSetCover;
			productReference = 0B80AFDA1ED87D3700FA184A /* PrimalDualSetCover */;
			productType = "com.apple.product-type.tool";
		};
		0B80AFEB1ED8850300FA184A /* PrimalDualFacilityLocation */ = {
			isa = PBXNativeTarget;
			buildConfigurationList = 0B80AFF01ED8850300FA184A /* Build configuration list for PBXNativeTarget "PrimalDualFacilityLocation" */;
			buildPhases = (
				0B80AFE81ED8850300FA184A /* Sources */,
				0B80AFE91ED8850300FA184A /* Frameworks */,
				0B80AFEA1ED8850300FA184A /* CopyFiles */,
			);
			buildRules = (
			);
			dependencies = (
			);
			name = PrimalDualFacilityLocation;
			productName = PrimalDualFacilityLocation;
			productReference = 0B80AFEC1ED8850300FA184A /* PrimalDualFacilityLocation */;
			productType = "com.apple.product-type.tool";
		};
/* End PBXNativeTarget section */

/* Begin PBXProject section */
		0B80AFD21ED87D3700FA184A /* Project object */ = {
			isa = PBXProject;
			attributes = {
				LastUpgradeCheck = 0720;
				ORGANIZATIONNAME = qrafzv;
				TargetAttributes = {
					0B80AFD91ED87D3700FA184A = {
						CreatedOnToolsVersion = 7.2.1;
					};
					0B80AFEB1ED8850300FA184A = {
						CreatedOnToolsVersion = 7.2.1;
					};
				};
			};
			buildConfigurationList = 0B80AFD51ED87D3700FA184A /* Build configuration list for PBXProject "PrimalDualSetCover" */;
			compatibilityVersion = "Xcode 3.2";
			developmentRegion = English;
			hasScannedForEncodings = 0;
			knownRegions = (
				en,
			);
			mainGroup = 0B80AFD11ED87D3700FA184A;
			productRefGroup = 0B80AFDB1ED87D3700FA184A /* Products */;
			projectDirPath = "";
			projectRoot = "";
			targets = (
				0B80AFD91ED87D3700FA184A /* PrimalDualSetCover */,
				0B80AFEB1ED8850300FA184A /* PrimalDualFacilityLocation */,
			);
		};
/* End PBXProject section */

/* Begin PBXSourcesBuildPhase section */
		0B80AFD61ED87D3700FA184A /* Sources */ = {
			isa = PBXSourcesBuildPhase;
			buildActionMask = 2147483647;
			files = (
				0B80AFE71ED87D8200FA184A /* main.cpp in Sources */,
			);
			runOnlyForDeploymentPostprocessing = 0;
		};
		0B80AFE81ED8850300FA184A /* Sources */ = {
			isa = PBXSourcesBuildPhase;
			buildActionMask = 2147483647;
			files = (
				0B80AFEF1ED8850300FA184A /* main.cpp in Sources */,
			);
			runOnlyForDeploymentPostprocessing = 0;
		};
/* End PBXSourcesBuildPhase section */

/* Begin XCBuildConfiguration section */
		0B80AFDF1ED87D3700FA184A /* Debug */ = {
			isa = XCBuildConfiguration;
			buildSettings = {
				ALWAYS_SEARCH_USER_PATHS = NO;
				CLANG_CXX_LANGUAGE_STANDARD = "gnu++0x";
				CLANG_CXX_LIBRARY = "libc++";
				CLANG_ENABLE_MODULES = YES;
				CLANG_ENABLE_OBJC_ARC = YES;
				CLANG_WARN_BOOL_CONVERSION = YES;
				CLANG_WARN_CONSTANT_CONVERSION = YES;
				CLANG_WARN_DIRECT_OBJC_ISA_USAGE = YES_ERROR;
				CLANG_WARN_EMPTY_BODY = YES;
				CLANG_WARN_ENUM_CONVERSION = YES;
				CLANG_WARN_INT_CONVERSION = YES;
				CLANG_WARN_OBJC_ROOT_CLASS = YES_ERROR;
				CLANG_WARN_UNREACHABLE_CODE = YES;
				CLANG_WARN__DUPLICATE_METHOD_MATCH = YES;
				CODE_SIGN_IDENTITY = "-";
				COPY_PHASE_STRIP = NO;
				DEBUG_INFORMATION_FORMAT = dwarf;
				ENABLE_STRICT_OBJC_MSGSEND = YES;
				ENABLE_TESTABILITY = YES;
				GCC_C_LANGUAGE_STANDARD = gnu99;
				GCC_DYNAMIC_NO_PIC = NO;
				GCC_NO_COMMON_BLOCKS = YES;
				GCC_OPTIMIZATION_LEVEL = 0;
				GCC_PREPROCESSOR_DEFINITIONS = (
					"DEBUG=1",
					"$(inherited)",
				);
				GCC_WARN_64_TO_32_BIT_CONVERSION = YES;
				GCC_WARN_ABOUT_RETURN_TYPE = YES_ERROR;
				GCC_WARN_UNDECLARED_SELECTOR = YES;
				GCC_WARN_UNINITIALIZED_AUTOS = YES_AGGRESSIVE;
				GCC_WARN_UNUSED_FUNCTION = YES;
				GCC_WARN_UNUSED_VARIABLE = YES;
				MACOSX_DEPLOYMENT_TARGET = 10.11;
				MTL_ENABLE_DEBUG_INFO = YES;
				ONLY_ACTIVE_ARCH = YES;
				SDKROOT = macosx;
			};
			name = Debug;
		};
		0B80AFE01ED87D3700FA184A /* Release */ = {
			isa = XCBuildConfiguration;
			buildSettings = {
				ALWAYS_SEARCH_USER_PATHS = NO;
				CLANG_CXX_LANGUAGE_STANDARD = "gnu++0x";
				CLANG_CXX_LIBRARY = "libc++";
				CLANG_ENABLE_MODULES = YES;
				CLANG_ENABLE_OBJC_ARC = YES;
				CLANG_WARN_BOOL_CONVERSION = YES;
				CLANG_WARN_CONSTANT_CONVERSION = YES;
				CLANG_WARN_DIRECT_OBJC_ISA_USAGE = YES_ERROR;
				CLANG_WARN_EMPTY_BODY = YES;
				CLANG_WARN_ENUM_CONVERSION = YES;
				CLANG_WARN_INT_CONVERSION = YES;
				CLANG_WARN_OBJC_ROOT_CLASS = YES_ERROR;
				CLANG_WARN_UNREACHABLE_CODE = YES;
				CLANG_WARN__DUPLICATE_METHOD_MATCH = YES;
				CODE_SIGN_IDENTITY = "-";
				COPY_PHASE_STRIP = NO;
				DEBUG_INFORMATION_FORMAT = "dwarf-with-dsym";
				ENABLE_NS_ASSERTIONS = NO;
				ENABLE_STRICT_OBJC_MSGSEND = YES;
				GCC_C_LANGUAGE_STANDARD = gnu99;
				GCC_NO_COMMON_BLOCKS = YES;
				GCC_WARN_64_TO_32_BIT_CONVERSION = YES;
				GCC_WARN_ABOUT_RETURN_TYPE = YES_ERROR;
				GCC_WARN_UNDECLARED_SELECTOR = YES;
				GCC_WARN_UNINITIALIZED_AUTOS = YES_AGGRESSIVE;
				GCC_WARN_UNUSED_FUNCTION = YES;
				GCC_WARN_UNUSED_VARIABLE = YES;
				MACOSX_DEPLOYMENT_TARGET = 10.11;
				MTL_ENABLE_DEBUG_INFO = NO;
				SDKROOT = macosx;
			};
			name = Release;
		};
		0B80AFE21ED87D3700FA184A /* Debug */ = {
			isa = XCBuildConfiguration;
			buildSettings = {
				HEADER_SEARCH_PATHS = "/usr/local/include/eigen3/**";
				OTHER_CPLUSPLUSFLAGS = (
					"$(OTHER_CFLAGS)",
					"-I",
					/usr/local/Cellar/eigen/3.3.3/,
				);
				PRODUCT_NAME = "$(TARGET_NAME)";
			};
			name = Debug;
		};
		0B80AFE31ED87D3700FA184A /* Release */ = {
			isa = XCBuildConfiguration;
			buildSettings = {
				HEADER_SEARCH_PATHS = "/usr/local/include/eigen3/**";
				OTHER_CPLUSPLUSFLAGS = (
					"$(OTHER_CFLAGS)",
					"-I",
					/usr/local/Cellar/eigen/3.3.3/,
				);
				PRODUCT_NAME = "$(TARGET_NAME)";
			};
			name = Release;
		};
		0B80AFF11ED8850300FA184A /* Debug */ = {
			isa = XCBuildConfiguration;
			buildSettings = {
				HEADER_SEARCH_PATHS = /usr/local/include/eigen3/;
				OTHER_CPLUSPLUSFLAGS = (
					"$(OTHER_CFLAGS)",
					"-I",
					/usr/local/Cellar/eigen/3.3.3/,
				);
				PRODUCT_NAME = "$(TARGET_NAME)";
			};
			name = Debug;
		};
		0B80AFF21ED8850300FA184A /* Release */ = {
			isa = XCBuildConfiguration;
			buildSettings = {
				HEADER_SEARCH_PATHS = /usr/local/include/eigen3/;
				OTHER_CPLUSPLUSFLAGS = (
					"$(OTHER_CFLAGS)",
					"-I",
					/usr/local/Cellar/eigen/3.3.3/,
				);
				PRODUCT_NAME = "$(TARGET_NAME)";
			};
			name = Release;
		};
/* End XCBuildConfiguration section */

/* Begin XCConfigurationList section */
		0B80AFD51ED87D3700FA184A /* Build configuration list for PBXProject "PrimalDualSetCover" */ = {
			isa = XCConfigurationList;
			buildConfigurations = (
				0B80AFDF1ED87D3700FA184A /* Debug */,
				0B80AFE01ED87D3700FA184A /* Release */,
			);
			defaultConfigurationIsVisible = 0;
			defaultConfigurationName = Release;
		};
		0B80AFE11ED87D3700FA184A /* Build configuration list for PBXNativeTarget "PrimalDualSetCover" */ = {
			isa = XCConfigurationList;
			buildConfigurations = (
				0B80AFE21ED87D3700FA184A /* Debug */,
				0B80AFE31ED87D3700FA184A /* Release */,
			);
			defaultConfigurationIsVisible = 0;
		};
		0B80AFF01ED8850300FA184A /* Build configuration list for PBXNativeTarget "PrimalDualFacilityLocation" */ = {
			isa = XCConfigurationList;
			buildConfigurations = (
				0B80AFF11ED8850300FA184A /* Debug */,
				0B80AFF21ED8850300FA184A /* Release */,
			);
			defaultConfigurationIsVisible = 0;
		};
/* End XCConfigurationList section */
	};
	rootObject = 0B80AFD21ED87D3700FA184A /* Project object */;
}
